
Microsoft Visual Studio Solution File, Format Version 12.00
# Visual Studio Version 16
VisualStudioVersion = 16.0.30104.148
MinimumVisualStudioVersion = 10.0.40219.1
Project("{FAE04EC0-301F-11D3-BF4B-00C04F79EFBC}") = "FileExplorer", "FileExplorer\FileExplorer.csproj", "{7E2117C2-F8CE-4735-8533-96EAEE56C10D}"
EndProject
Project("{FAE04EC0-301F-11D3-BF4B-00C04F79EFBC}") = "Cyc.FluentDesign", "Cyc\Cyc.FluentDesign\Cyc.FluentDesign.csproj", "{BF1F329D-2A66-48F8-BD93-96F95C9024F8}"
EndProject
Project("{2150E333-8FDC-42A3-9474-1A3956D46DE8}") = "Solution Items", "Solution Items", "{67DD6B80-E657-400C-8040-2EC18F8F6C73}"
	ProjectSection(SolutionItems) = preProject
		.editorconfig = .editorconfig
	EndProjectSection
EndProject
Project("{FAE04EC0-301F-11D3-BF4B-00C04F79EFBC}") = "ListViewCustomView", "..\docs-samples-snippets-csharp-VS_Snippets_Wpf-ListViewCustomView\CSharp\ListViewCustomView.csproj", "{C3AD96EC-8C52-4FC9-B4B1-724316D17B7C}"
EndProject
Project("{FAE04EC0-301F-11D3-BF4B-00C04F79EFBC}") = "WpfApp1", "WpfApp1\WpfApp1.csproj", "{DA94EC7A-C685-4BF3-98CD-58C984F9A7CF}"
EndProject
Project("{FAE04EC0-301F-11D3-BF4B-00C04F79EFBC}") = "Cyc.Mvvm", "Cyc\Cyc.Mvvm\Cyc.Mvvm.csproj", "{F465EE5C-8383-4962-9141-8542702D9053}"
EndProject
Global
	GlobalSection(SolutionConfigurationPlatforms) = preSolution
		Debug|Any CPU = Debug|Any CPU
		Debug|x86 = Debug|x86
		Google|Any CPU = Google|Any CPU
		Google|x86 = Google|x86
		Local|Any CPU = Local|Any CPU
		Local|x86 = Local|x86
		Microsoft|Any CPU = Microsoft|Any CPU
		Microsoft|x86 = Microsoft|x86
		Release|Any CPU = Release|Any CPU
		Release|x86 = Release|x86
	EndGlobalSection
	GlobalSection(ProjectConfigurationPlatforms) = postSolution
		{7E2117C2-F8CE-4735-8533-96EAEE56C10D}.Debug|Any CPU.ActiveCfg = Debug|Any CPU
		{7E2117C2-F8CE-4735-8533-96EAEE56C10D}.Debug|Any CPU.Build.0 = Debug|Any CPU
		{7E2117C2-F8CE-4735-8533-96EAEE56C10D}.Debug|x86.ActiveCfg = Debug|Any CPU
		{7E2117C2-F8CE-4735-8533-96EAEE56C10D}.Debug|x86.Build.0 = Debug|Any CPU
		{7E2117C2-F8CE-4735-8533-96EAEE56C10D}.Google|Any CPU.ActiveCfg = Release|Any CPU
		{7E2117C2-F8CE-4735-8533-96EAEE56C10D}.Google|Any CPU.Build.0 = Release|Any CPU
		{7E2117C2-F8CE-4735-8533-96EAEE56C10D}.Google|x86.ActiveCfg = Release|Any CPU
		{7E2117C2-F8CE-4735-8533-96EAEE56C10D}.Google|x86.Build.0 = Release|Any CPU
		{7E2117C2-F8CE-4735-8533-96EAEE56C10D}.Local|Any CPU.ActiveCfg = Release|Any CPU
		{7E2117C2-F8CE-4735-8533-96EAEE56C10D}.Local|Any CPU.Build.0 = Release|Any CPU
		{7E2117C2-F8CE-4735-8533-96EAEE56C10D}.Local|x86.ActiveCfg = Release|Any CPU
		{7E2117C2-F8CE-4735-8533-96EAEE56C10D}.Local|x86.Build.0 = Release|Any CPU
		{7E2117C2-F8CE-4735-8533-96EAEE56C10D}.Microsoft|Any CPU.ActiveCfg = Release|Any CPU
		{7E2117C2-F8CE-4735-8533-96EAEE56C10D}.Microsoft|Any CPU.Build.0 = Release|Any CPU
		{7E2117C2-F8CE-4735-8533-96EAEE56C10D}.Microsoft|x86.ActiveCfg = Release|Any CPU
		{7E2117C2-F8CE-4735-8533-96EAEE56C10D}.Microsoft|x86.Build.0 = Release|Any CPU
		{7E2117C2-F8CE-4735-8533-96EAEE56C10D}.Release|Any CPU.ActiveCfg = Release|Any CPU
		{7E2117C2-F8CE-4735-8533-96EAEE56C10D}.Release|Any CPU.Build.0 = Release|Any CPU
		{7E2117C2-F8CE-4735-8533-96EAEE56C10D}.Release|x86.ActiveCfg = Release|Any CPU
		{7E2117C2-F8CE-4735-8533-96EAEE56C10D}.Release|x86.Build.0 = Release|Any CPU
		{BF1F329D-2A66-48F8-BD93-96F95C9024F8}.Debug|Any CPU.ActiveCfg = Debug|Any CPU
		{BF1F329D-2A66-48F8-BD93-96F95C9024F8}.Debug|Any CPU.Build.0 = Debug|Any CPU
		{BF1F329D-2A66-48F8-BD93-96F95C9024F8}.Debug|x86.ActiveCfg = Debug|Any CPU
		{BF1F329D-2A66-48F8-BD93-96F95C9024F8}.Debug|x86.Build.0 = Debug|Any CPU
		{BF1F329D-2A66-48F8-BD93-96F95C9024F8}.Google|Any CPU.ActiveCfg = Release|Any CPU
		{BF1F329D-2A66-48F8-BD93-96F95C9024F8}.Google|Any CPU.Build.0 = Release|Any CPU
		{BF1F329D-2A66-48F8-BD93-96F95C9024F8}.Google|x86.ActiveCfg = Release|Any CPU
		{BF1F329D-2A66-48F8-BD93-96F95C9024F8}.Google|x86.Build.0 = Release|Any CPU
		{BF1F329D-2A66-48F8-BD93-96F95C9024F8}.Local|Any CPU.ActiveCfg = Local|Any CPU
		{BF1F329D-2A66-48F8-BD93-96F95C9024F8}.Local|Any CPU.Build.0 = Local|Any CPU
		{BF1F329D-2A66-48F8-BD93-96F95C9024F8}.Local|x86.ActiveCfg = Local|Any CPU
		{BF1F329D-2A66-48F8-BD93-96F95C9024F8}.Local|x86.Build.0 = Local|Any CPU
		{BF1F329D-2A66-48F8-BD93-96F95C9024F8}.Microsoft|Any CPU.ActiveCfg = Release|Any CPU
		{BF1F329D-2A66-48F8-BD93-96F95C9024F8}.Microsoft|Any CPU.Build.0 = Release|Any CPU
		{BF1F329D-2A66-48F8-BD93-96F95C9024F8}.Microsoft|x86.ActiveCfg = Release|Any CPU
		{BF1F329D-2A66-48F8-BD93-96F95C9024F8}.Microsoft|x86.Build.0 = Release|Any CPU
		{BF1F329D-2A66-48F8-BD93-96F95C9024F8}.Release|Any CPU.ActiveCfg = Release|Any CPU
		{BF1F329D-2A66-48F8-BD93-96F95C9024F8}.Release|Any CPU.Build.0 = Release|Any CPU
		{BF1F329D-2A66-48F8-BD93-96F95C9024F8}.Release|x86.ActiveCfg = Release|Any CPU
		{BF1F329D-2A66-48F8-BD93-96F95C9024F8}.Release|x86.Build.0 = Release|Any CPU
		{C3AD96EC-8C52-4FC9-B4B1-724316D17B7C}.Debug|Any CPU.ActiveCfg = Debug|x86
		{C3AD96EC-8C52-4FC9-B4B1-724316D17B7C}.Debug|x86.ActiveCfg = Debug|x86
		{C3AD96EC-8C52-4FC9-B4B1-724316D17B7C}.Debug|x86.Build.0 = Debug|x86
		{C3AD96EC-8C52-4FC9-B4B1-724316D17B7C}.Google|Any CPU.ActiveCfg = Debug|x86
		{C3AD96EC-8C52-4FC9-B4B1-724316D17B7C}.Google|Any CPU.Build.0 = Debug|x86
		{C3AD96EC-8C52-4FC9-B4B1-724316D17B7C}.Google|x86.ActiveCfg = Debug|x86
		{C3AD96EC-8C52-4FC9-B4B1-724316D17B7C}.Google|x86.Build.0 = Debug|x86
		{C3AD96EC-8C52-4FC9-B4B1-724316D17B7C}.Local|Any CPU.ActiveCfg = Debug|x86
		{C3AD96EC-8C52-4FC9-B4B1-724316D17B7C}.Local|Any CPU.Build.0 = Debug|x86
		{C3AD96EC-8C52-4FC9-B4B1-724316D17B7C}.Local|x86.ActiveCfg = Debug|x86
		{C3AD96EC-8C52-4FC9-B4B1-724316D17B7C}.Local|x86.Build.0 = Debug|x86
		{C3AD96EC-8C52-4FC9-B4B1-724316D17B7C}.Microsoft|Any CPU.ActiveCfg = Debug|x86
		{C3AD96EC-8C52-4FC9-B4B1-724316D17B7C}.Microsoft|Any CPU.Build.0 = Debug|x86
		{C3AD96EC-8C52-4FC9-B4B1-724316D17B7C}.Microsoft|x86.ActiveCfg = Debug|x86
		{C3AD96EC-8C52-4FC9-B4B1-724316D17B7C}.Microsoft|x86.Build.0 = Debug|x86
		{C3AD96EC-8C52-4FC9-B4B1-724316D17B7C}.Release|Any CPU.ActiveCfg = Debug|x86
		{C3AD96EC-8C52-4FC9-B4B1-724316D17B7C}.Release|Any CPU.Build.0 = Debug|x86
		{C3AD96EC-8C52-4FC9-B4B1-724316D17B7C}.Release|x86.ActiveCfg = Debug|x86
		{C3AD96EC-8C52-4FC9-B4B1-724316D17B7C}.Release|x86.Build.0 = Debug|x86
		{DA94EC7A-C685-4BF3-98CD-58C984F9A7CF}.Debug|Any CPU.ActiveCfg = Debug|Any CPU
		{DA94EC7A-C685-4BF3-98CD-58C984F9A7CF}.Debug|Any CPU.Build.0 = Debug|Any CPU
		{DA94EC7A-C685-4BF3-98CD-58C984F9A7CF}.Debug|x86.ActiveCfg = Debug|Any CPU
		{DA94EC7A-C685-4BF3-98CD-58C984F9A7CF}.Debug|x86.Build.0 = Debug|Any CPU
		{DA94EC7A-C685-4BF3-98CD-58C984F9A7CF}.Google|Any CPU.ActiveCfg = Release|Any CPU
		{DA94EC7A-C685-4BF3-98CD-58C984F9A7CF}.Google|Any CPU.Build.0 = Release|Any CPU
		{DA94EC7A-C685-4BF3-98CD-58C984F9A7CF}.Google|x86.ActiveCfg = Release|Any CPU
		{DA94EC7A-C685-4BF3-98CD-58C984F9A7CF}.Google|x86.Build.0 = Release|Any CPU
		{DA94EC7A-C685-4BF3-98CD-58C984F9A7CF}.Local|Any CPU.ActiveCfg = Release|Any CPU
		{DA94EC7A-C685-4BF3-98CD-58C984F9A7CF}.Local|Any CPU.Build.0 = Release|Any CPU
		{DA94EC7A-C685-4BF3-98CD-58C984F9A7CF}.Local|x86.ActiveCfg = Release|Any CPU
		{DA94EC7A-C685-4BF3-98CD-58C984F9A7CF}.Local|x86.Build.0 = Release|Any CPU
		{DA94EC7A-C685-4BF3-98CD-58C984F9A7CF}.Microsoft|Any CPU.ActiveCfg = Release|Any CPU
		{DA94EC7A-C685-4BF3-98CD-58C984F9A7CF}.Microsoft|Any CPU.Build.0 = Release|Any CPU
		{DA94EC7A-C685-4BF3-98CD-58C984F9A7CF}.Microsoft|x86.ActiveCfg = Release|Any CPU
		{DA94EC7A-C685-4BF3-98CD-58C984F9A7CF}.Microsoft|x86.Build.0 = Release|Any CPU
		{DA94EC7A-C685-4BF3-98CD-58C984F9A7CF}.Release|Any CPU.ActiveCfg = Release|Any CPU
		{DA94EC7A-C685-4BF3-98CD-58C984F9A7CF}.Release|Any CPU.Build.0 = Release|Any CPU
		{DA94EC7A-C685-4BF3-98CD-58C984F9A7CF}.Release|x86.ActiveCfg = Release|Any CPU
		{DA94EC7A-C685-4BF3-98CD-58C984F9A7CF}.Release|x86.Build.0 = Release|Any CPU
		{F465EE5C-8383-4962-9141-8542702D9053}.Debug|Any CPU.ActiveCfg = Debug|Any CPU
		{F465EE5C-8383-4962-9141-8542702D9053}.Debug|Any CPU.Build.0 = Debug|Any CPU
		{F465EE5C-8383-4962-9141-8542702D9053}.Debug|x86.ActiveCfg = Debug|Any CPU
		{F465EE5C-8383-4962-9141-8542702D9053}.Debug|x86.Build.0 = Debug|Any CPU
		{F465EE5C-8383-4962-9141-8542702D9053}.Google|Any CPU.ActiveCfg = Google|Any CPU
		{F465EE5C-8383-4962-9141-8542702D9053}.Google|Any CPU.Build.0 = Google|Any CPU
		{F465EE5C-8383-4962-9141-8542702D9053}.Google|x86.ActiveCfg = Google|Any CPU
		{F465EE5C-8383-4962-9141-8542702D9053}.Google|x86.Build.0 = Google|Any CPU
		{F465EE5C-8383-4962-9141-8542702D9053}.Local|Any CPU.ActiveCfg = Local|Any CPU
		{F465EE5C-8383-4962-9141-8542702D9053}.Local|Any CPU.Build.0 = Local|Any CPU
		{F465EE5C-8383-4962-9141-8542702D9053}.Local|x86.ActiveCfg = Local|Any CPU
		{F465EE5C-8383-4962-9141-8542702D9053}.Local|x86.Build.0 = Local|Any CPU
		{F465EE5C-8383-4962-9141-8542702D9053}.Microsoft|Any CPU.ActiveCfg = Microsoft|Any CPU
		{F465EE5C-8383-4962-9141-8542702D9053}.Microsoft|Any CPU.Build.0 = Microsoft|Any CPU
		{F465EE5C-8383-4962-9141-8542702D9053}.Microsoft|x86.ActiveCfg = Microsoft|Any CPU
		{F465EE5C-8383-4962-9141-8542702D9053}.Microsoft|x86.Build.0 = Microsoft|Any CPU
		{F465EE5C-8383-4962-9141-8542702D9053}.Release|Any CPU.ActiveCfg = Release|Any CPU
		{F465EE5C-8383-4962-9141-8542702D9053}.Release|Any CPU.Build.0 = Release|Any CPU
		{F465EE5C-8383-4962-9141-8542702D9053}.Release|x86.ActiveCfg = Release|Any CPU
		{F465EE5C-8383-4962-9141-8542702D9053}.Release|x86.Build.0 = Release|Any CPU
	EndGlobalSection
	GlobalSection(SolutionProperties) = preSolution
		HideSolutionNode = FALSE
	EndGlobalSection
	GlobalSection(ExtensibilityGlobals) = postSolution
		SolutionGuid = {88383F44-7D3D-4D0E-B603-8F8545FB5E03}
	EndGlobalSection
EndGlobal
